
Microsoft Visual Studio Solution File, Format Version 12.00
# Visual Studio Version 17
VisualStudioVersion = 17.4.33103.184
MinimumVisualStudioVersion = 10.0.40219.1
Project("{9A19103F-16F7-4668-BE54-9A1E7A4F7556}") = "ConsoleUI", "ConsoleUI\ConsoleUI.csproj", "{547FC8B1-200D-4B5E-A687-89E75D94F4B6}"
EndProject
Project("{9A19103F-16F7-4668-BE54-9A1E7A4F7556}") = "Business", "Business\Business.csproj", "{8544525D-6861-47BE-9E9B-3DC8910E0587}"
EndProject
Project("{9A19103F-16F7-4668-BE54-9A1E7A4F7556}") = "Entities", "Entities\Entities.csproj", "{98E4B81F-9DF2-42F8-A932-516EE9617AD3}"
EndProject
Project("{9A19103F-16F7-4668-BE54-9A1E7A4F7556}") = "DataAccess", "DataAccess\DataAccess.csproj", "{F184C4E1-9DE0-4DD0-AC66-9F34FC304E98}"
EndProject
Project("{FAE04EC0-301F-11D3-BF4B-00C04F79EFBC}") = "Core", "Core\Core.csproj", "{6D952CBE-65F3-48D3-AA1E-06057316D4B0}"
EndProject
Global
	GlobalSection(SolutionConfigurationPlatforms) = preSolution
		Debug|Any CPU = Debug|Any CPU
		Release|Any CPU = Release|Any CPU
	EndGlobalSection
	GlobalSection(ProjectConfigurationPlatforms) = postSolution
		{547FC8B1-200D-4B5E-A687-89E75D94F4B6}.Debug|Any CPU.ActiveCfg = Debug|Any CPU
		{547FC8B1-200D-4B5E-A687-89E75D94F4B6}.Debug|Any CPU.Build.0 = Debug|Any CPU
		{547FC8B1-200D-4B5E-A687-89E75D94F4B6}.Release|Any CPU.ActiveCfg = Release|Any CPU
		{547FC8B1-200D-4B5E-A687-89E75D94F4B6}.Release|Any CPU.Build.0 = Release|Any CPU
		{8544525D-6861-47BE-9E9B-3DC8910E0587}.Debug|Any CPU.ActiveCfg = Debug|Any CPU
		{8544525D-6861-47BE-9E9B-3DC8910E0587}.Debug|Any CPU.Build.0 = Debug|Any CPU
		{8544525D-6861-47BE-9E9B-3DC8910E0587}.Release|Any CPU.ActiveCfg = Release|Any CPU
		{8544525D-6861-47BE-9E9B-3DC8910E0587}.Release|Any CPU.Build.0 = Release|Any CPU
		{98E4B81F-9DF2-42F8-A932-516EE9617AD3}.Debug|Any CPU.ActiveCfg = Debug|Any CPU
		{98E4B81F-9DF2-42F8-A932-516EE9617AD3}.Debug|Any CPU.Build.0 = Debug|Any CPU
		{98E4B81F-9DF2-42F8-A932-516EE9617AD3}.Release|Any CPU.ActiveCfg = Release|Any CPU
		{98E4B81F-9DF2-42F8-A932-516EE9617AD3}.Release|Any CPU.Build.0 = Release|Any CPU
		{F184C4E1-9DE0-4DD0-AC66-9F34FC304E98}.Debug|Any CPU.ActiveCfg = Debug|Any CPU
		{F184C4E1-9DE0-4DD0-AC66-9F34FC304E98}.Debug|Any CPU.Build.0 = Debug|Any CPU
		{F184C4E1-9DE0-4DD0-AC66-9F34FC304E98}.Release|Any CPU.ActiveCfg = Release|Any CPU
		{F184C4E1-9DE0-4DD0-AC66-9F34FC304E98}.Release|Any CPU.Build.0 = Release|Any CPU
		{6D952CBE-65F3-48D3-AA1E-06057316D4B0}.Debug|Any CPU.ActiveCfg = Debug|Any CPU
		{6D952CBE-65F3-48D3-AA1E-06057316D4B0}.Debug|Any CPU.Build.0 = Debug|Any CPU
		{6D952CBE-65F3-48D3-AA1E-06057316D4B0}.Release|Any CPU.ActiveCfg = Release|Any CPU
		{6D952CBE-65F3-48D3-AA1E-06057316D4B0}.Release|Any CPU.Build.0 = Release|Any CPU
	EndGlobalSection
	GlobalSection(SolutionProperties) = preSolution
		HideSolutionNode = FALSE
	EndGlobalSection
	GlobalSection(ExtensibilityGlobals) = postSolution
		SolutionGuid = {63260F52-BDCD-45E1-8011-1F68879E52BF}
	EndGlobalSection
EndGlobal
